
Microsoft Visual Studio Solution File, Format Version 12.00
# Visual Studio Version 17
VisualStudioVersion = 17.5.002.0
MinimumVisualStudioVersion = 10.0.40219.1
Project("{9A19103F-16F7-4668-BE54-9A1E7A4F7556}") = "mormordagnysbageri-del1-api", "mormordagnysbageri-del1-api.csproj", "{BCDC5528-DC4D-4F45-9DBA-22F5957BA41C}"
EndProject
Global
	GlobalSection(SolutionConfigurationPlatforms) = preSolution
		Debug|Any CPU = Debug|Any CPU
		Release|Any CPU = Release|Any CPU
	EndGlobalSection
	GlobalSection(ProjectConfigurationPlatforms) = postSolution
		{BCDC5528-DC4D-4F45-9DBA-22F5957BA41C}.Debug|Any CPU.ActiveCfg = Debug|Any CPU
		{BCDC5528-DC4D-4F45-9DBA-22F5957BA41C}.Debug|Any CPU.Build.0 = Debug|Any CPU
		{BCDC5528-DC4D-4F45-9DBA-22F5957BA41C}.Release|Any CPU.ActiveCfg = Release|Any CPU
		{BCDC5528-DC4D-4F45-9DBA-22F5957BA41C}.Release|Any CPU.Build.0 = Release|Any CPU
	EndGlobalSection
	GlobalSection(SolutionProperties) = preSolution
		HideSolutionNode = FALSE
	EndGlobalSection
	GlobalSection(ExtensibilityGlobals) = postSolution
		SolutionGuid = {51C49B58-76DE-497E-9F39-932401443F17}
	EndGlobalSection
EndGlobal
